// !$*UTF8*$!
{
	archiveVersion = 1;
	classes = {
	};
	objectVersion = 46;
	objects = {

/* Begin PBXBuildFile section */
		3C2656EB1BD81CB90080A14A /* AppDelegate.swift in Sources */ = {isa = PBXBuildFile; fileRef = 3C2656EA1BD81CB90080A14A /* AppDelegate.swift */; };
		3C2656ED1BD81CB90080A14A /* ViewController.swift in Sources */ = {isa = PBXBuildFile; fileRef = 3C2656EC1BD81CB90080A14A /* ViewController.swift */; };
		3C2656F01BD81CB90080A14A /* Main.storyboard in Resources */ = {isa = PBXBuildFile; fileRef = 3C2656EE1BD81CB90080A14A /* Main.storyboard */; };
		3C2656F21BD81CB90080A14A /* Assets.xcassets in Resources */ = {isa = PBXBuildFile; fileRef = 3C2656F11BD81CB90080A14A /* Assets.xcassets */; };
		3C2656F51BD81CB90080A14A /* LaunchScreen.storyboard in Resources */ = {isa = PBXBuildFile; fileRef = 3C2656F31BD81CB90080A14A /* LaunchScreen.storyboard */; };
		3C2657001BD81CB90080A14A /* StormyTests.swift in Sources */ = {isa = PBXBuildFile; fileRef = 3C2656FF1BD81CB90080A14A /* StormyTests.swift */; };
		3C26570B1BD81CB90080A14A /* StormyUITests.swift in Sources */ = {isa = PBXBuildFile; fileRef = 3C26570A1BD81CB90080A14A /* StormyUITests.swift */; };
		3C26571A1BD81DE80080A14A /* CurrentWeather.plist in Resources */ = {isa = PBXBuildFile; fileRef = 3C2657191BD81DE80080A14A /* CurrentWeather.plist */; settings = {ASSET_TAGS = (); }; };
		3CB7185F1BDB1CBA00D74848 /* NetworkOperation.swift in Sources */ = {isa = PBXBuildFile; fileRef = 3CB7185E1BDB1CBA00D74848 /* NetworkOperation.swift */; settings = {ASSET_TAGS = (); }; };
		3CF259601BD941C400B4F0D2 /* CurrentWeather.swift in Sources */ = {isa = PBXBuildFile; fileRef = 3CF2595F1BD941C400B4F0D2 /* CurrentWeather.swift */; settings = {ASSET_TAGS = (); }; };
/* End PBXBuildFile section */

/* Begin PBXContainerItemProxy section */
		3C2656FC1BD81CB90080A14A /* PBXContainerItemProxy */ = {
			isa = PBXContainerItemProxy;
			containerPortal = 3C2656DF1BD81CB90080A14A /* Project object */;
			proxyType = 1;
			remoteGlobalIDString = 3C2656E61BD81CB90080A14A;
			remoteInfo = Stormy;
		};
		3C2657071BD81CB90080A14A /* PBXContainerItemProxy */ = {
			isa = PBXContainerItemProxy;
			containerPortal = 3C2656DF1BD81CB90080A14A /* Project object */;
			proxyType = 1;
			remoteGlobalIDString = 3C2656E61BD81CB90080A14A;
			remoteInfo = Stormy;
		};
/* End PBXContainerItemProxy section */

/* Begin PBXFileReference section */
		3C2656E71BD81CB90080A14A /* Stormy.app */ = {isa = PBXFileReference; explicitFileType = wrapper.application; includeInIndex = 0; path = Stormy.app; sourceTree = BUILT_PRODUCTS_DIR; };
		3C2656EA1BD81CB90080A14A /* AppDelegate.swift */ = {isa = PBXFileReference; lastKnownFileType = sourcecode.swift; path = AppDelegate.swift; sourceTree = "<group>"; };
		3C2656EC1BD81CB90080A14A /* ViewController.swift */ = {isa = PBXFileReference; lastKnownFileType = sourcecode.swift; path = ViewController.swift; sourceTree = "<group>"; };
		3C2656EF1BD81CB90080A14A /* Base */ = {isa = PBXFileReference; lastKnownFileType = file.storyboard; name = Base; path = Base.lproj/Main.storyboard; sourceTree = "<group>"; };
		3C2656F11BD81CB90080A14A /* Assets.xcassets */ = {isa = PBXFileReference; lastKnownFileType = folder.assetcatalog; path = Assets.xcassets; sourceTree = "<group>"; };
		3C2656F41BD81CB90080A14A /* Base */ = {isa = PBXFileReference; lastKnownFileType = file.storyboard; name = Base; path = Base.lproj/LaunchScreen.storyboard; sourceTree = "<group>"; };
		3C2656F61BD81CB90080A14A /* Info.plist */ = {isa = PBXFileReference; lastKnownFileType = text.plist.xml; path = Info.plist; sourceTree = "<group>"; };
		3C2656FB1BD81CB90080A14A /* StormyTests.xctest */ = {isa = PBXFileReference; explicitFileType = wrapper.cfbundle; includeInIndex = 0; path = StormyTests.xctest; sourceTree = BUILT_PRODUCTS_DIR; };
		3C2656FF1BD81CB90080A14A /* StormyTests.swift */ = {isa = PBXFileReference; lastKnownFileType = sourcecode.swift; path = StormyTests.swift; sourceTree = "<group>"; };
		3C2657011BD81CB90080A14A /* Info.plist */ = {isa = PBXFileReference; lastKnownFileType = text.plist.xml; path = Info.plist; sourceTree = "<group>"; };
		3C2657061BD81CB90080A14A /* StormyUITests.xctest */ = {isa = PBXFileReference; explicitFileType = wrapper.cfbundle; includeInIndex = 0; path = StormyUITests.xctest; sourceTree = BUILT_PRODUCTS_DIR; };
		3C26570A1BD81CB90080A14A /* StormyUITests.swift */ = {isa = PBXFileReference; lastKnownFileType = sourcecode.swift; path = StormyUITests.swift; sourceTree = "<group>"; };
		3C26570C1BD81CB90080A14A /* Info.plist */ = {isa = PBXFileReference; lastKnownFileType = text.plist.xml; path = Info.plist; sourceTree = "<group>"; };
		3C2657191BD81DE80080A14A /* CurrentWeather.plist */ = {isa = PBXFileReference; fileEncoding = 4; lastKnownFileType = text.plist.xml; path = CurrentWeather.plist; sourceTree = "<group>"; };
		3CB7185D1BDA8A1F00D74848 /* MyPlayground.playground */ = {isa = PBXFileReference; lastKnownFileType = file.playground; path = MyPlayground.playground; sourceTree = "<group>"; };
		3CB7185E1BDB1CBA00D74848 /* NetworkOperation.swift */ = {isa = PBXFileReference; fileEncoding = 4; lastKnownFileType = sourcecode.swift; path = NetworkOperation.swift; sourceTree = "<group>"; };
		3CF2595F1BD941C400B4F0D2 /* CurrentWeather.swift */ = {isa = PBXFileReference; fileEncoding = 4; lastKnownFileType = sourcecode.swift; name = CurrentWeather.swift; path = ../CurrentWeather.swift; sourceTree = "<group>"; };
/* End PBXFileReference section */

/* Begin PBXFrameworksBuildPhase section */
		3C2656E41BD81CB90080A14A /* Frameworks */ = {
			isa = PBXFrameworksBuildPhase;
			buildActionMask = 2147483647;
			files = (
			);
			runOnlyForDeploymentPostprocessing = 0;
		};
		3C2656F81BD81CB90080A14A /* Frameworks */ = {
			isa = PBXFrameworksBuildPhase;
			buildActionMask = 2147483647;
			files = (
			);
			runOnlyForDeploymentPostprocessing = 0;
		};
		3C2657031BD81CB90080A14A /* Frameworks */ = {
			isa = PBXFrameworksBuildPhase;
			buildActionMask = 2147483647;
			files = (
			);
			runOnlyForDeploymentPostprocessing = 0;
		};
/* End PBXFrameworksBuildPhase section */

/* Begin PBXGroup section */
		3C2656DE1BD81CB90080A14A = {
			isa = PBXGroup;
			children = (
				3CB7185D1BDA8A1F00D74848 /* MyPlayground.playground */,
				3C2656E91BD81CB90080A14A /* Stormy */,
				3C2656FE1BD81CB90080A14A /* StormyTests */,
				3C2657091BD81CB90080A14A /* StormyUITests */,
				3C2656E81BD81CB90080A14A /* Products */,
			);
			sourceTree = "<group>";
		};
		3C2656E81BD81CB90080A14A /* Products */ = {
			isa = PBXGroup;
			children = (
				3C2656E71BD81CB90080A14A /* Stormy.app */,
				3C2656FB1BD81CB90080A14A /* StormyTests.xctest */,
				3C2657061BD81CB90080A14A /* StormyUITests.xctest */,
			);
			name = Products;
			sourceTree = "<group>";
		};
		3C2656E91BD81CB90080A14A /* Stormy */ = {
			isa = PBXGroup;
			children = (
				3CF2595F1BD941C400B4F0D2 /* CurrentWeather.swift */,
				3C2656EA1BD81CB90080A14A /* AppDelegate.swift */,
				3C2656EC1BD81CB90080A14A /* ViewController.swift */,
				3C2656EE1BD81CB90080A14A /* Main.storyboard */,
				3CB7185E1BDB1CBA00D74848 /* NetworkOperation.swift */,
				3C2656F11BD81CB90080A14A /* Assets.xcassets */,
				3C2656F31BD81CB90080A14A /* LaunchScreen.storyboard */,
				3C2657181BD81D0F0080A14A /* Supporting Files */,
			);
			path = Stormy;
			sourceTree = "<group>";
		};
		3C2656FE1BD81CB90080A14A /* StormyTests */ = {
			isa = PBXGroup;
			children = (
				3C2656FF1BD81CB90080A14A /* StormyTests.swift */,
				3C2657011BD81CB90080A14A /* Info.plist */,
			);
			path = StormyTests;
			sourceTree = "<group>";
		};
		3C2657091BD81CB90080A14A /* StormyUITests */ = {
			isa = PBXGroup;
			children = (
				3C26570A1BD81CB90080A14A /* StormyUITests.swift */,
				3C26570C1BD81CB90080A14A /* Info.plist */,
			);
			path = StormyUITests;
			sourceTree = "<group>";
		};
		3C2657181BD81D0F0080A14A /* Supporting Files */ = {
			isa = PBXGroup;
			children = (
				3C2657191BD81DE80080A14A /* CurrentWeather.plist */,
				3C2656F61BD81CB90080A14A /* Info.plist */,
			);
			name = "Supporting Files";
			sourceTree = "<group>";
		};
/* End PBXGroup section */

/* Begin PBXNativeTarget section */
		3C2656E61BD81CB90080A14A /* Stormy */ = {
			isa = PBXNativeTarget;
			buildConfigurationList = 3C26570F1BD81CB90080A14A /* Build configuration list for PBXNativeTarget "Stormy" */;
			buildPhases = (
				3C2656E31BD81CB90080A14A /* Sources */,
				3C2656E41BD81CB90080A14A /* Frameworks */,
				3C2656E51BD81CB90080A14A /* Resources */,
			);
			buildRules = (
			);
			dependencies = (
			);
			name = Stormy;
			productName = Stormy;
			productReference = 3C2656E71BD81CB90080A14A /* Stormy.app */;
			productType = "com.apple.product-type.application";
		};
		3C2656FA1BD81CB90080A14A /* StormyTests */ = {
			isa = PBXNativeTarget;
			buildConfigurationList = 3C2657121BD81CB90080A14A /* Build configuration list for PBXNativeTarget "StormyTests" */;
			buildPhases = (
				3C2656F71BD81CB90080A14A /* Sources */,
				3C2656F81BD81CB90080A14A /* Frameworks */,
				3C2656F91BD81CB90080A14A /* Resources */,
			);
			buildRules = (
			);
			dependencies = (
				3C2656FD1BD81CB90080A14A /* PBXTargetDependency */,
			);
			name = StormyTests;
			productName = StormyTests;
			productReference = 3C2656FB1BD81CB90080A14A /* StormyTests.xctest */;
			productType = "com.apple.product-type.bundle.unit-test";
		};
		3C2657051BD81CB90080A14A /* StormyUITests */ = {
			isa = PBXNativeTarget;
			buildConfigurationList = 3C2657151BD81CB90080A14A /* Build configuration list for PBXNativeTarget "StormyUITests" */;
			buildPhases = (
				3C2657021BD81CB90080A14A /* Sources */,
				3C2657031BD81CB90080A14A /* Frameworks */,
				3C2657041BD81CB90080A14A /* Resources */,
			);
			buildRules = (
			);
			dependencies = (
				3C2657081BD81CB90080A14A /* PBXTargetDependency */,
			);
			name = StormyUITests;
			productName = StormyUITests;
			productReference = 3C2657061BD81CB90080A14A /* StormyUITests.xctest */;
			productType = "com.apple.product-type.bundle.ui-testing";
		};
/* End PBXNativeTarget section */

/* Begin PBXProject section */
		3C2656DF1BD81CB90080A14A /* Project object */ = {
			isa = PBXProject;
			attributes = {
				LastUpgradeCheck = 0700;
				ORGANIZATIONNAME = "Dean Laurea";
				TargetAttributes = {
					3C2656E61BD81CB90080A14A = {
						CreatedOnToolsVersion = 7.0.1;
					};
					3C2656FA1BD81CB90080A14A = {
						CreatedOnToolsVersion = 7.0.1;
						TestTargetID = 3C2656E61BD81CB90080A14A;
					};
					3C2657051BD81CB90080A14A = {
						CreatedOnToolsVersion = 7.0.1;
						TestTargetID = 3C2656E61BD81CB90080A14A;
					};
				};
			};
			buildConfigurationList = 3C2656E21BD81CB90080A14A /* Build configuration list for PBXProject "Stormy" */;
			compatibilityVersion = "Xcode 3.2";
			developmentRegion = English;
			hasScannedForEncodings = 0;
			knownRegions = (
				en,
				Base,
			);
			mainGroup = 3C2656DE1BD81CB90080A14A;
			productRefGroup = 3C2656E81BD81CB90080A14A /* Products */;
			projectDirPath = "";
			projectRoot = "";
			targets = (
				3C2656E61BD81CB90080A14A /* Stormy */,
				3C2656FA1BD81CB90080A14A /* StormyTests */,
				3C2657051BD81CB90080A14A /* StormyUITests */,
			);
		};
/* End PBXProject section */

/* Begin PBXResourcesBuildPhase section */
		3C2656E51BD81CB90080A14A /* Resources */ = {
			isa = PBXResourcesBuildPhase;
			buildActionMask = 2147483647;
			files = (
				3C2656F51BD81CB90080A14A /* LaunchScreen.storyboard in Resources */,
				3C2656F21BD81CB90080A14A /* Assets.xcassets in Resources */,
				3C2656F01BD81CB90080A14A /* Main.storyboard in Resources */,
				3C26571A1BD81DE80080A14A /* CurrentWeather.plist in Resources */,
			);
			runOnlyForDeploymentPostprocessing = 0;
		};
		3C2656F91BD81CB90080A14A /* Resources */ = {
			isa = PBXResourcesBuildPhase;
			buildActionMask = 2147483647;
			files = (
			);
			runOnlyForDeploymentPostprocessing = 0;
		};
		3C2657041BD81CB90080A14A /* Resources */ = {
			isa = PBXResourcesBuildPhase;
			buildActionMask = 2147483647;
			files = (
			);
			runOnlyForDeploymentPostprocessing = 0;
		};
/* End PBXResourcesBuildPhase section */

/* Begin PBXSourcesBuildPhase section */
		3C2656E31BD81CB90080A14A /* Sources */ = {
			isa = PBXSourcesBuildPhase;
			buildActionMask = 2147483647;
			files = (
				3CB7185F1BDB1CBA00D74848 /* NetworkOperation.swift in Sources */,
				3C2656ED1BD81CB90080A14A /* ViewController.swift in Sources */,
				3CF259601BD941C400B4F0D2 /* CurrentWeather.swift in Sources */,
				3C2656EB1BD81CB90080A14A /* AppDelegate.swift in Sources */,
			);
			runOnlyForDeploymentPostprocessing = 0;
		};
		3C2656F71BD81CB90080A14A /* Sources */ = {
			isa = PBXSourcesBuildPhase;
			buildActionMask = 2147483647;
			files = (
				3C2657001BD81CB90080A14A /* StormyTests.swift in Sources */,
			);
			runOnlyForDeploymentPostprocessing = 0;
		};
		3C2657021BD81CB90080A14A /* Sources */ = {
			isa = PBXSourcesBuildPhase;
			buildActionMask = 2147483647;
			files = (
				3C26570B1BD81CB90080A14A /* StormyUITests.swift in Sources */,
			);
			runOnlyForDeploymentPostprocessing = 0;
		};
/* End PBXSourcesBuildPhase section */

/* Begin PBXTargetDependency section */
		3C2656FD1BD81CB90080A14A /* PBXTargetDependency */ = {
			isa = PBXTargetDependency;
			target = 3C2656E61BD81CB90080A14A /* Stormy */;
			targetProxy = 3C2656FC1BD81CB90080A14A /* PBXContainerItemProxy */;
		};
		3C2657081BD81CB90080A14A /* PBXTargetDependency */ = {
			isa = PBXTargetDependency;
			target = 3C2656E61BD81CB90080A14A /* Stormy */;
			targetProxy = 3C2657071BD81CB90080A14A /* PBXContainerItemProxy */;
		};
/* End PBXTargetDependency section */

/* Begin PBXVariantGroup section */
		3C2656EE1BD81CB90080A14A /* Main.storyboard */ = {
			isa = PBXVariantGroup;
			children = (
				3C2656EF1BD81CB90080A14A /* Base */,
			);
			name = Main.storyboard;
			sourceTree = "<group>";
		};
		3C2656F31BD81CB90080A14A /* LaunchScreen.storyboard */ = {
			isa = PBXVariantGroup;
			children = (
				3C2656F41BD81CB90080A14A /* Base */,
			);
			name = LaunchScreen.storyboard;
			sourceTree = "<group>";
		};
/* End PBXVariantGroup section */

/* Begin XCBuildConfiguration section */
		3C26570D1BD81CB90080A14A /* Debug */ = {
			isa = XCBuildConfiguration;
			buildSettings = {
				ALWAYS_SEARCH_USER_PATHS = NO;
				CLANG_CXX_LANGUAGE_STANDARD = "gnu++0x";
				CLANG_CXX_LIBRARY = "libc++";
				CLANG_ENABLE_MODULES = YES;
				CLANG_ENABLE_OBJC_ARC = YES;
				CLANG_WARN_BOOL_CONVERSION = YES;
				CLANG_WARN_CONSTANT_CONVERSION = YES;
				CLANG_WARN_DIRECT_OBJC_ISA_USAGE = YES_ERROR;
				CLANG_WARN_EMPTY_BODY = YES;
				CLANG_WARN_ENUM_CONVERSION = YES;
				CLANG_WARN_INT_CONVERSION = YES;
				CLANG_WARN_OBJC_ROOT_CLASS = YES_ERROR;
				CLANG_WARN_UNREACHABLE_CODE = YES;
				CLANG_WARN__DUPLICATE_METHOD_MATCH = YES;
				"CODE_SIGN_IDENTITY[sdk=iphoneos*]" = "iPhone Developer";
				COPY_PHASE_STRIP = NO;
				DEBUG_INFORMATION_FORMAT = dwarf;
				ENABLE_STRICT_OBJC_MSGSEND = YES;
				ENABLE_TESTABILITY = YES;
				GCC_C_LANGUAGE_STANDARD = gnu99;
				GCC_DYNAMIC_NO_PIC = NO;
				GCC_NO_COMMON_BLOCKS = YES;
				GCC_OPTIMIZATION_LEVEL = 0;
				GCC_PREPROCESSOR_DEFINITIONS = (
					"DEBUG=1",
					"$(inherited)",
				);
				GCC_WARN_64_TO_32_BIT_CONVERSION = YES;
				GCC_WARN_ABOUT_RETURN_TYPE = YES_ERROR;
				GCC_WARN_UNDECLARED_SELECTOR = YES;
				GCC_WARN_UNINITIALIZED_AUTOS = YES_AGGRESSIVE;
				GCC_WARN_UNUSED_FUNCTION = YES;
				GCC_WARN_UNUSED_VARIABLE = YES;
				IPHONEOS_DEPLOYMENT_TARGET = 9.0;
				MTL_ENABLE_DEBUG_INFO = YES;
				ONLY_ACTIVE_ARCH = YES;
				SDKROOT = iphoneos;
				SWIFT_OPTIMIZATION_LEVEL = "-Onone";
			};
			name = Debug;
		};
		3C26570E1BD81CB90080A14A /* Release */ = {
			isa = XCBuildConfiguration;
			buildSettings = {
				ALWAYS_SEARCH_USER_PATHS = NO;
				CLANG_CXX_LANGUAGE_STANDARD = "gnu++0x";
				CLANG_CXX_LIBRARY = "libc++";
				CLANG_ENABLE_MODULES = YES;
				CLANG_ENABLE_OBJC_ARC = YES;
				CLANG_WARN_BOOL_CONVERSION = YES;
				CLANG_WARN_CONSTANT_CONVERSION = YES;
				CLANG_WARN_DIRECT_OBJC_ISA_USAGE = YES_ERROR;
				CLANG_WARN_EMPTY_BODY = YES;
				CLANG_WARN_ENUM_CONVERSION = YES;
				CLANG_WARN_INT_CONVERSION = YES;
				CLANG_WARN_OBJC_ROOT_CLASS = YES_ERROR;
				CLANG_WARN_UNREACHABLE_CODE = YES;
				CLANG_WARN__DUPLICATE_METHOD_MATCH = YES;
				"CODE_SIGN_IDENTITY[sdk=iphoneos*]" = "iPhone Developer";
				COPY_PHASE_STRIP = NO;
				DEBUG_INFORMATION_FORMAT = "dwarf-with-dsym";
				ENABLE_NS_ASSERTIONS = NO;
				ENABLE_STRICT_OBJC_MSGSEND = YES;
				GCC_C_LANGUAGE_STANDARD = gnu99;
				GCC_NO_COMMON_BLOCKS = YES;
				GCC_WARN_64_TO_32_BIT_CONVERSION = YES;
				GCC_WARN_ABOUT_RETURN_TYPE = YES_ERROR;
				GCC_WARN_UNDECLARED_SELECTOR = YES;
				GCC_WARN_UNINITIALIZED_AUTOS = YES_AGGRESSIVE;
				GCC_WARN_UNUSED_FUNCTION = YES;
				GCC_WARN_UNUSED_VARIABLE = YES;
				IPHONEOS_DEPLOYMENT_TARGET = 9.0;
				MTL_ENABLE_DEBUG_INFO = NO;
				SDKROOT = iphoneos;
				VALIDATE_PRODUCT = YES;
			};
			name = Release;
		};
		3C2657101BD81CB90080A14A /* Debug */ = {
			isa = XCBuildConfiguration;
			buildSettings = {
				ASSETCATALOG_COMPILER_APPICON_NAME = AppIcon;
				INFOPLIST_FILE = Stormy/Info.plist;
				LD_RUNPATH_SEARCH_PATHS = "$(inherited) @executable_path/Frameworks";
				PRODUCT_BUNDLE_IDENTIFIER = com.deanlaurea.Stormy;
				PRODUCT_NAME = "$(TARGET_NAME)";
			};
			name = Debug;
		};
		3C2657111BD81CB90080A14A /* Release */ = {
			isa = XCBuildConfiguration;
			buildSettings = {
				ASSETCATALOG_COMPILER_APPICON_NAME = AppIcon;
				INFOPLIST_FILE = Stormy/Info.plist;
				LD_RUNPATH_SEARCH_PATHS = "$(inherited) @executable_path/Frameworks";
				PRODUCT_BUNDLE_IDENTIFIER = com.deanlaurea.Stormy;
				PRODUCT_NAME = "$(TARGET_NAME)";
			};
			name = Release;
		};
		3C2657131BD81CB90080A14A /* Debug */ = {
			isa = XCBuildConfiguration;
			buildSettings = {
				BUNDLE_LOADER = "$(TEST_HOST)";
				INFOPLIST_FILE = StormyTests/Info.plist;
				LD_RUNPATH_SEARCH_PATHS = "$(inherited) @executable_path/Frameworks @loader_path/Frameworks";
				PRODUCT_BUNDLE_IDENTIFIER = com.deanlaurea.StormyTests;
				PRODUCT_NAME = "$(TARGET_NAME)";
				TEST_HOST = "$(BUILT_PRODUCTS_DIR)/Stormy.app/Stormy";
			};
			name = Debug;
		};
		3C2657141BD81CB90080A14A /* Release */ = {
			isa = XCBuildConfiguration;
			buildSettings = {
				BUNDLE_LOADER = "$(TEST_HOST)";
				INFOPLIST_FILE = StormyTests/Info.plist;
				LD_RUNPATH_SEARCH_PATHS = "$(inherited) @executable_path/Frameworks @loader_path/Frameworks";
				PRODUCT_BUNDLE_IDENTIFIER = com.deanlaurea.StormyTests;
				PRODUCT_NAME = "$(TARGET_NAME)";
				TEST_HOST = "$(BUILT_PRODUCTS_DIR)/Stormy.app/Stormy";
			};
			name = Release;
		};
		3C2657161BD81CB90080A14A /* Debug */ = {
			isa = XCBuildConfiguration;
			buildSettings = {
				INFOPLIST_FILE = StormyUITests/Info.plist;
				LD_RUNPATH_SEARCH_PATHS = "$(inherited) @executable_path/Frameworks @loader_path/Frameworks";
				PRODUCT_BUNDLE_IDENTIFIER = com.deanlaurea.StormyUITests;
				PRODUCT_NAME = "$(TARGET_NAME)";
				TEST_TARGET_NAME = Stormy;
				USES_XCTRUNNER = YES;
			};
			name = Debug;
		};
		3C2657171BD81CB90080A14A /* Release */ = {
			isa = XCBuildConfiguration;
			buildSettings = {
				INFOPLIST_FILE = StormyUITests/Info.plist;
				LD_RUNPATH_SEARCH_PATHS = "$(inherited) @executable_path/Frameworks @loader_path/Frameworks";
				PRODUCT_BUNDLE_IDENTIFIER = com.deanlaurea.StormyUITests;
				PRODUCT_NAME = "$(TARGET_NAME)";
				TEST_TARGET_NAME = Stormy;
				USES_XCTRUNNER = YES;
			};
			name = Release;
		};
/* End XCBuildConfiguration section */

/* Begin XCConfigurationList section */
		3C2656E21BD81CB90080A14A /* Build configuration list for PBXProject "Stormy" */ = {
			isa = XCConfigurationList;
			buildConfigurations = (
				3C26570D1BD81CB90080A14A /* Debug */,
				3C26570E1BD81CB90080A14A /* Release */,
			);
			defaultConfigurationIsVisible = 0;
			defaultConfigurationName = Release;
		};
		3C26570F1BD81CB90080A14A /* Build configuration list for PBXNativeTarget "Stormy" */ = {
			isa = XCConfigurationList;
			buildConfigurations = (
				3C2657101BD81CB90080A14A /* Debug */,
				3C2657111BD81CB90080A14A /* Release */,
			);
			defaultConfigurationIsVisible = 0;
			defaultConfigurationName = Release;
		};
		3C2657121BD81CB90080A14A /* Build configuration list for PBXNativeTarget "StormyTests" */ = {
			isa = XCConfigurationList;
			buildConfigurations = (
				3C2657131BD81CB90080A14A /* Debug */,
				3C2657141BD81CB90080A14A /* Release */,
			);
			defaultConfigurationIsVisible = 0;
			defaultConfigurationName = Release;
		};
		3C2657151BD81CB90080A14A /* Build configuration list for PBXNativeTarget "StormyUITests" */ = {
			isa = XCConfigurationList;
			buildConfigurations = (
				3C2657161BD81CB90080A14A /* Debug */,
				3C2657171BD81CB90080A14A /* Release */,
			);
			defaultConfigurationIsVisible = 0;
			defaultConfigurationName = Release;
		};
/* End XCConfigurationList section */
	};
	rootObject = 3C2656DF1BD81CB90080A14A /* Project object */;
}
